Microsoft Visual Studio Solution File, Format Version 12.00
# Visual Studio Version 17
VisualStudioVersion = 17.10.34607.79
MinimumVisualStudioVersion = 10.0.40219.1
Project("{FAE04EC0-301F-11D3-BF4B-00C04F79EFBC}") = "AppHost", "AppHost\AppHost.csproj", "{CC610D1B-C2CB-419A-AE13-209CC55B67A5}"
EndProject
Project("{9A19103F-16F7-4668-BE54-9A1E7A4F7556}") = "ServiceDefaults", "ServiceDefaults\ServiceDefaults.csproj", "{4E1E384F-605F-4422-8EE0-CFB4A90548BB}"
EndProject
Global
	GlobalSection(SolutionConfigurationPlatforms) = preSolution
		Debug|Any CPU = Debug|Any CPU
		Release|Any CPU = Release|Any CPU
	EndGlobalSection
	GlobalSection(ProjectConfigurationPlatforms) = postSolution
		{CC610D1B-C2CB-419A-AE13-209CC55B67A5}.Debug|Any CPU.ActiveCfg = Debug|Any CPU
		{CC610D1B-C2CB-419A-AE13-209CC55B67A5}.Debug|Any CPU.Build.0 = Debug|Any CPU
		{CC610D1B-C2CB-419A-AE13-209CC55B67A5}.Release|Any CPU.ActiveCfg = Release|Any CPU
		{CC610D1B-C2CB-419A-AE13-209CC55B67A5}.Release|Any CPU.Build.0 = Release|Any CPU
		{4E1E384F-605F-4422-8EE0-CFB4A90548BB}.Debug|Any CPU.ActiveCfg = Debug|Any CPU
		{4E1E384F-605F-4422-8EE0-CFB4A90548BB}.Debug|Any CPU.Build.0 = Debug|Any CPU
		{4E1E384F-605F-4422-8EE0-CFB4A90548BB}.Release|Any CPU.ActiveCfg = Release|Any CPU
		{4E1E384F-605F-4422-8EE0-CFB4A90548BB}.Release|Any CPU.Build.0 = Release|Any CPU
	EndGlobalSection
	GlobalSection(SolutionProperties) = preSolution
		HideSolutionNode = FALSE
	EndGlobalSection
	GlobalSection(ExtensibilityGlobals) = postSolution
		SolutionGuid = {42CD9BE1-2A9A-47AE-A4E5-12B6A57DB748}
	EndGlobalSection
EndGlobal
