Microsoft Visual Studio Solution File, Format Version 12.00
# Visual Studio Version 17
VisualStudioVersion = 17.10.34607.79
MinimumVisualStudioVersion = 10.0.40219.1
Project("{9A19103F-16F7-4668-BE54-9A1E7A4F7556}") = "ApiService", "ApiService\ApiService.csproj", "{815526C0-397E-4763-AC6C-3BA426DCAD54}"
EndProject
Project("{9A19103F-16F7-4668-BE54-9A1E7A4F7556}") = "Aspire.Neo4j", "Aspire.Neo4j\Aspire.Neo4j.csproj", "{D6DD79E6-3E65-46AC-A896-ED2C9DEB0517}"
EndProject
Project("{FAE04EC0-301F-11D3-BF4B-00C04F79EFBC}") = "AppHost", "AppHost\AppHost.csproj", "{DD6D8EE1-EE30-4575-8EE2-C270BD57E573}"
EndProject
Global
	GlobalSection(SolutionConfigurationPlatforms) = preSolution
		Debug|Any CPU = Debug|Any CPU
		Release|Any CPU = Release|Any CPU
	EndGlobalSection
	GlobalSection(ProjectConfigurationPlatforms) = postSolution
		{815526C0-397E-4763-AC6C-3BA426DCAD54}.Debug|Any CPU.ActiveCfg = Debug|Any CPU
		{815526C0-397E-4763-AC6C-3BA426DCAD54}.Debug|Any CPU.Build.0 = Debug|Any CPU
		{815526C0-397E-4763-AC6C-3BA426DCAD54}.Release|Any CPU.ActiveCfg = Release|Any CPU
		{815526C0-397E-4763-AC6C-3BA426DCAD54}.Release|Any CPU.Build.0 = Release|Any CPU
		{D6DD79E6-3E65-46AC-A896-ED2C9DEB0517}.Debug|Any CPU.ActiveCfg = Debug|Any CPU
		{D6DD79E6-3E65-46AC-A896-ED2C9DEB0517}.Debug|Any CPU.Build.0 = Debug|Any CPU
		{D6DD79E6-3E65-46AC-A896-ED2C9DEB0517}.Release|Any CPU.ActiveCfg = Release|Any CPU
		{D6DD79E6-3E65-46AC-A896-ED2C9DEB0517}.Release|Any CPU.Build.0 = Release|Any CPU
		{DD6D8EE1-EE30-4575-8EE2-C270BD57E573}.Debug|Any CPU.ActiveCfg = Debug|Any CPU
		{DD6D8EE1-EE30-4575-8EE2-C270BD57E573}.Debug|Any CPU.Build.0 = Debug|Any CPU
		{DD6D8EE1-EE30-4575-8EE2-C270BD57E573}.Release|Any CPU.ActiveCfg = Release|Any CPU
		{DD6D8EE1-EE30-4575-8EE2-C270BD57E573}.Release|Any CPU.Build.0 = Release|Any CPU
	EndGlobalSection
	GlobalSection(SolutionProperties) = preSolution
		HideSolutionNode = FALSE
	EndGlobalSection
	GlobalSection(ExtensibilityGlobals) = postSolution
		SolutionGuid = {42CD9BE1-2A9A-47AE-A4E5-12B6A57DB748}
	EndGlobalSection
EndGlobal
